github.com/G-Node/gig v0.0.0-20171025133355-6d784b40b534 h1:ZdsP0JR5T1lDcsXSeARuI83++uHNoSZiN6kaMgf1EPM=
github.com/G-Node/gig v0.0.0-20171025133355-6d784b40b534/go.mod h1:H+82VbQUp9AzlbEiZl3bri3mlPlN2q6CxlIh0CyJWnc=
github.com/davecgh/go-spew v1.1.1 h1:vj9j/u1bqnvCEfJOwUhtlOARqs3+rkHYY13jYWTU97c=
github.com/davecgh/go-spew v1.1.1/go.mod h1:J7Y8YcW2NihsgmVo/mv3lAwl/skON4iLHjSsI+c5H38=
github.com/docker/docker v1.13.1 h1:IkZjBSIc8hBjLpqeAbeE5mca5mNgeatLHBy3GO78BWo=
github.com/docker/docker v1.13.1/go.mod h1:eEKB0N0r5NX/I1kEveEz05bcu8tLC/8azJZsviup8Sk=
